{
  "originHash" : "b689a3be6ffd8034ecb91668ca73a13e35ba29cc8d8a5e81dacabc3c192535d4",
  "pins" : [
    {
      "identity" : "locationprovider",
      "kind" : "remoteSourceControl",
      "location" : "https://github.com/himbeles/LocationProvider",
      "state" : {
        "revision" : "929019fb7b9c337a79aee25bcaf297b18faf728d",
        "version" : "1.6.0"
      }
    }
  ],
  "version" : 3
}
