// !$*UTF8*$!
{
	archiveVersion = 1;
	classes = {
	};
	objectVersion = 56;
	objects = {

/* Begin PBXBuildFile section */
		0627820C2C31FA5E002B662C /* CarPlay.framework in Frameworks */ = {isa = PBXBuildFile; fileRef = 0627820B2C31FA5E002B662C /* CarPlay.framework */; };
		062782142C3308EF002B662C /* CarPlaySceneDelegate.swift in Sources */ = {isa = PBXBuildFile; fileRef = 062782132C3308EF002B662C /* CarPlaySceneDelegate.swift */; };
		062782162C3442EC002B662C /* CarPlayContentView.swift in Sources */ = {isa = PBXBuildFile; fileRef = 062782152C3442EC002B662C /* CarPlayContentView.swift */; };
		06E2841E2C2C6B8D002A1986 /* youarehere_iosApp.swift in Sources */ = {isa = PBXBuildFile; fileRef = 06E2841D2C2C6B8D002A1986 /* youarehere_iosApp.swift */; };
		06E284202C2C6B8D002A1986 /* ContentView.swift in Sources */ = {isa = PBXBuildFile; fileRef = 06E2841F2C2C6B8D002A1986 /* ContentView.swift */; };
		06E284222C2C6B8E002A1986 /* Assets.xcassets in Resources */ = {isa = PBXBuildFile; fileRef = 06E284212C2C6B8E002A1986 /* Assets.xcassets */; };
		06E284252C2C6B8E002A1986 /* Preview Assets.xcassets in Resources */ = {isa = PBXBuildFile; fileRef = 06E284242C2C6B8E002A1986 /* Preview Assets.xcassets */; };
		06E2842C2C2C6E66002A1986 /* CircleImage.swift in Sources */ = {isa = PBXBuildFile; fileRef = 06E2842B2C2C6E66002A1986 /* CircleImage.swift */; };
		06E2842E2C2C6F27002A1986 /* MapView.swift in Sources */ = {isa = PBXBuildFile; fileRef = 06E2842D2C2C6F27002A1986 /* MapView.swift */; };
		06E284302C2DAE3D002A1986 /* landmarkData.json in Resources */ = {isa = PBXBuildFile; fileRef = 06E2842F2C2DAE3D002A1986 /* landmarkData.json */; };
		06E284322C2DAE81002A1986 /* Landmark.swift in Sources */ = {isa = PBXBuildFile; fileRef = 06E284312C2DAE81002A1986 /* Landmark.swift */; };
		06E284342C2DAFD3002A1986 /* ModelData.swift in Sources */ = {isa = PBXBuildFile; fileRef = 06E284332C2DAFD3002A1986 /* ModelData.swift */; };
		06E2843A2C2DB142002A1986 /* LandmarkRow.swift in Sources */ = {isa = PBXBuildFile; fileRef = 06E284392C2DB142002A1986 /* LandmarkRow.swift */; };
/* End PBXBuildFile section */

/* Begin PBXFileReference section */
		0627820B2C31FA5E002B662C /* CarPlay.framework */ = {isa = PBXFileReference; lastKnownFileType = wrapper.framework; name = CarPlay.framework; path = System/Library/Frameworks/CarPlay.framework; sourceTree = SDKROOT; };
		0627820D2C3252B2002B662C /* youarehere-ios.entitlements */ = {isa = PBXFileReference; lastKnownFileType = text.plist.entitlements; path = "youarehere-ios.entitlements"; sourceTree = "<group>"; };
		062782122C32706B002B662C /* Info.plist */ = {isa = PBXFileReference; lastKnownFileType = text.plist; path = Info.plist; sourceTree = "<group>"; };
		062782132C3308EF002B662C /* CarPlaySceneDelegate.swift */ = {isa = PBXFileReference; lastKnownFileType = sourcecode.swift; path = CarPlaySceneDelegate.swift; sourceTree = "<group>"; };
		062782152C3442EC002B662C /* CarPlayContentView.swift */ = {isa = PBXFileReference; lastKnownFileType = sourcecode.swift; path = CarPlayContentView.swift; sourceTree = "<group>"; };
		06E2841A2C2C6B8D002A1986 /* youarehere-ios.app */ = {isa = PBXFileReference; explicitFileType = wrapper.application; includeInIndex = 0; path = "youarehere-ios.app"; sourceTree = BUILT_PRODUCTS_DIR; };
		06E2841D2C2C6B8D002A1986 /* youarehere_iosApp.swift */ = {isa = PBXFileReference; lastKnownFileType = sourcecode.swift; path = youarehere_iosApp.swift; sourceTree = "<group>"; };
		06E2841F2C2C6B8D002A1986 /* ContentView.swift */ = {isa = PBXFileReference; lastKnownFileType = sourcecode.swift; path = ContentView.swift; sourceTree = "<group>"; };
		06E284212C2C6B8E002A1986 /* Assets.xcassets */ = {isa = PBXFileReference; lastKnownFileType = folder.assetcatalog; path = Assets.xcassets; sourceTree = "<group>"; };
		06E284242C2C6B8E002A1986 /* Preview Assets.xcassets */ = {isa = PBXFileReference; lastKnownFileType = folder.assetcatalog; path = "Preview Assets.xcassets"; sourceTree = "<group>"; };
		06E2842B2C2C6E66002A1986 /* CircleImage.swift */ = {isa = PBXFileReference; lastKnownFileType = sourcecode.swift; path = CircleImage.swift; sourceTree = "<group>"; };
		06E2842D2C2C6F27002A1986 /* MapView.swift */ = {isa = PBXFileReference; lastKnownFileType = sourcecode.swift; path = MapView.swift; sourceTree = "<group>"; };
		06E2842F2C2DAE3D002A1986 /* landmarkData.json */ = {isa = PBXFileReference; fileEncoding = 4; lastKnownFileType = text.json; path = landmarkData.json; sourceTree = "<group>"; };
		06E284312C2DAE81002A1986 /* Landmark.swift */ = {isa = PBXFileReference; lastKnownFileType = sourcecode.swift; path = Landmark.swift; sourceTree = "<group>"; };
		06E284332C2DAFD3002A1986 /* ModelData.swift */ = {isa = PBXFileReference; lastKnownFileType = sourcecode.swift; path = ModelData.swift; sourceTree = "<group>"; };
		06E284392C2DB142002A1986 /* LandmarkRow.swift */ = {isa = PBXFileReference; lastKnownFileType = sourcecode.swift; path = LandmarkRow.swift; sourceTree = "<group>"; };
/* End PBXFileReference section */

/* Begin PBXFrameworksBuildPhase section */
		06E284172C2C6B8D002A1986 /* Frameworks */ = {
			isa = PBXFrameworksBuildPhase;
			buildActionMask = 2147483647;
			files = (
				0627820C2C31FA5E002B662C /* CarPlay.framework in Frameworks */,
			);
			runOnlyForDeploymentPostprocessing = 0;
		};
/* End PBXFrameworksBuildPhase section */

/* Begin PBXGroup section */
		0627820A2C31FA5E002B662C /* Frameworks */ = {
			isa = PBXGroup;
			children = (
				0627820B2C31FA5E002B662C /* CarPlay.framework */,
			);
			name = Frameworks;
			sourceTree = "<group>";
		};
		06E284112C2C6B8D002A1986 = {
			isa = PBXGroup;
			children = (
				06E2841C2C2C6B8D002A1986 /* youarehere-ios */,
				06E2841B2C2C6B8D002A1986 /* Products */,
				0627820A2C31FA5E002B662C /* Frameworks */,
			);
			sourceTree = "<group>";
		};
		06E2841B2C2C6B8D002A1986 /* Products */ = {
			isa = PBXGroup;
			children = (
				06E2841A2C2C6B8D002A1986 /* youarehere-ios.app */,
			);
			name = Products;
			sourceTree = "<group>";
		};
		06E2841C2C2C6B8D002A1986 /* youarehere-ios */ = {
			isa = PBXGroup;
			children = (
				062782122C32706B002B662C /* Info.plist */,
				0627820D2C3252B2002B662C /* youarehere-ios.entitlements */,
				06E2841D2C2C6B8D002A1986 /* youarehere_iosApp.swift */,
				06E284362C2DB084002A1986 /* Views */,
				06E284212C2C6B8E002A1986 /* Assets.xcassets */,
				06E284382C2DB0B1002A1986 /* Resources */,
				06E284372C2DB08F002A1986 /* Model */,
				06E284232C2C6B8E002A1986 /* Preview Content */,
			);
			path = "youarehere-ios";
			sourceTree = "<group>";
		};
		06E284232C2C6B8E002A1986 /* Preview Content */ = {
			isa = PBXGroup;
			children = (
				06E284242C2C6B8E002A1986 /* Preview Assets.xcassets */,
			);
			path = "Preview Content";
			sourceTree = "<group>";
		};
		06E284362C2DB084002A1986 /* Views */ = {
			isa = PBXGroup;
			children = (
				06E2841F2C2C6B8D002A1986 /* ContentView.swift */,
				06E2842B2C2C6E66002A1986 /* CircleImage.swift */,
				06E284392C2DB142002A1986 /* LandmarkRow.swift */,
				06E2842D2C2C6F27002A1986 /* MapView.swift */,
				062782132C3308EF002B662C /* CarPlaySceneDelegate.swift */,
				062782152C3442EC002B662C /* CarPlayContentView.swift */,
			);
			path = Views;
			sourceTree = "<group>";
		};
		06E284372C2DB08F002A1986 /* Model */ = {
			isa = PBXGroup;
			children = (
				06E284312C2DAE81002A1986 /* Landmark.swift */,
				06E284332C2DAFD3002A1986 /* ModelData.swift */,
			);
			path = Model;
			sourceTree = "<group>";
		};
		06E284382C2DB0B1002A1986 /* Resources */ = {
			isa = PBXGroup;
			children = (
				06E2842F2C2DAE3D002A1986 /* landmarkData.json */,
			);
			path = Resources;
			sourceTree = "<group>";
		};
/* End PBXGroup section */

/* Begin PBXNativeTarget section */
		06E284192C2C6B8D002A1986 /* youarehere-ios */ = {
			isa = PBXNativeTarget;
			buildConfigurationList = 06E284282C2C6B8E002A1986 /* Build configuration list for PBXNativeTarget "youarehere-ios" */;
			buildPhases = (
				06E284162C2C6B8D002A1986 /* Sources */,
				06E284172C2C6B8D002A1986 /* Frameworks */,
				06E284182C2C6B8D002A1986 /* Resources */,
			);
			buildRules = (
			);
			dependencies = (
			);
			name = "youarehere-ios";
			productName = "youarehere-ios";
			productReference = 06E2841A2C2C6B8D002A1986 /* youarehere-ios.app */;
			productType = "com.apple.product-type.application";
		};
/* End PBXNativeTarget section */

/* Begin PBXProject section */
		06E284122C2C6B8D002A1986 /* Project object */ = {
			isa = PBXProject;
			attributes = {
				BuildIndependentTargetsInParallel = 1;
				LastSwiftUpdateCheck = 1540;
				LastUpgradeCheck = 1540;
				TargetAttributes = {
					06E284192C2C6B8D002A1986 = {
						CreatedOnToolsVersion = 15.4;
					};
				};
			};
			buildConfigurationList = 06E284152C2C6B8D002A1986 /* Build configuration list for PBXProject "youarehere-ios" */;
			compatibilityVersion = "Xcode 14.0";
			developmentRegion = en;
			hasScannedForEncodings = 0;
			knownRegions = (
				en,
				Base,
			);
			mainGroup = 06E284112C2C6B8D002A1986;
			productRefGroup = 06E2841B2C2C6B8D002A1986 /* Products */;
			projectDirPath = "";
			projectRoot = "";
			targets = (
				06E284192C2C6B8D002A1986 /* youarehere-ios */,
			);
		};
/* End PBXProject section */

/* Begin PBXResourcesBuildPhase section */
		06E284182C2C6B8D002A1986 /* Resources */ = {
			isa = PBXResourcesBuildPhase;
			buildActionMask = 2147483647;
			files = (
				06E284252C2C6B8E002A1986 /* Preview Assets.xcassets in Resources */,
				06E284222C2C6B8E002A1986 /* Assets.xcassets in Resources */,
				06E284302C2DAE3D002A1986 /* landmarkData.json in Resources */,
			);
			runOnlyForDeploymentPostprocessing = 0;
		};
/* End PBXResourcesBuildPhase section */

/* Begin PBXSourcesBuildPhase section */
		06E284162C2C6B8D002A1986 /* Sources */ = {
			isa = PBXSourcesBuildPhase;
			buildActionMask = 2147483647;
			files = (
				06E284202C2C6B8D002A1986 /* ContentView.swift in Sources */,
				06E2842E2C2C6F27002A1986 /* MapView.swift in Sources */,
				062782142C3308EF002B662C /* CarPlaySceneDelegate.swift in Sources */,
				062782162C3442EC002B662C /* CarPlayContentView.swift in Sources */,
				06E2841E2C2C6B8D002A1986 /* youarehere_iosApp.swift in Sources */,
				06E2842C2C2C6E66002A1986 /* CircleImage.swift in Sources */,
				06E284322C2DAE81002A1986 /* Landmark.swift in Sources */,
				06E2843A2C2DB142002A1986 /* LandmarkRow.swift in Sources */,
				06E284342C2DAFD3002A1986 /* ModelData.swift in Sources */,
			);
			runOnlyForDeploymentPostprocessing = 0;
		};
/* End PBXSourcesBuildPhase section */

/* Begin XCBuildConfiguration section */
		06E284262C2C6B8E002A1986 /* Debug */ = {
			isa = XCBuildConfiguration;
			buildSettings = {
				ALWAYS_SEARCH_USER_PATHS = NO;
				ASSETCATALOG_COMPILER_GENERATE_SWIFT_ASSET_SYMBOL_EXTENSIONS = YES;
				CLANG_ANALYZER_NONNULL = YES;
				CLANG_ANALYZER_NUMBER_OBJECT_CONVERSION = YES_AGGRESSIVE;
				CLANG_CXX_LANGUAGE_STANDARD = "gnu++20";
				CLANG_ENABLE_MODULES = YES;
				CLANG_ENABLE_OBJC_ARC = YES;
				CLANG_ENABLE_OBJC_WEAK = YES;
				CLANG_WARN_BLOCK_CAPTURE_AUTORELEASING = YES;
				CLANG_WARN_BOOL_CONVERSION = YES;
				CLANG_WARN_COMMA = YES;
				CLANG_WARN_CONSTANT_CONVERSION = YES;
				CLANG_WARN_DEPRECATED_OBJC_IMPLEMENTATIONS = YES;
				CLANG_WARN_DIRECT_OBJC_ISA_USAGE = YES_ERROR;
				CLANG_WARN_DOCUMENTATION_COMMENTS = YES;
				CLANG_WARN_EMPTY_BODY = YES;
				CLANG_WARN_ENUM_CONVERSION = YES;
				CLANG_WARN_INFINITE_RECURSION = YES;
				CLANG_WARN_INT_CONVERSION = YES;
				CLANG_WARN_NON_LITERAL_NULL_CONVERSION = YES;
				CLANG_WARN_OBJC_IMPLICIT_RETAIN_SELF = YES;
				CLANG_WARN_OBJC_LITERAL_CONVERSION = YES;
				CLANG_WARN_OBJC_ROOT_CLASS = YES_ERROR;
				CLANG_WARN_QUOTED_INCLUDE_IN_FRAMEWORK_HEADER = YES;
				CLANG_WARN_RANGE_LOOP_ANALYSIS = YES;
				CLANG_WARN_STRICT_PROTOTYPES = YES;
				CLANG_WARN_SUSPICIOUS_MOVE = YES;
				CLANG_WARN_UNGUARDED_AVAILABILITY = YES_AGGRESSIVE;
				CLANG_WARN_UNREACHABLE_CODE = YES;
				CLANG_WARN__DUPLICATE_METHOD_MATCH = YES;
				COPY_PHASE_STRIP = NO;
				DEBUG_INFORMATION_FORMAT = dwarf;
				ENABLE_STRICT_OBJC_MSGSEND = YES;
				ENABLE_TESTABILITY = YES;
				ENABLE_USER_SCRIPT_SANDBOXING = YES;
				GCC_C_LANGUAGE_STANDARD = gnu17;
				GCC_DYNAMIC_NO_PIC = NO;
				GCC_NO_COMMON_BLOCKS = YES;
				GCC_OPTIMIZATION_LEVEL = 0;
				GCC_PREPROCESSOR_DEFINITIONS = (
					"DEBUG=1",
					"$(inherited)",
				);
				GCC_WARN_64_TO_32_BIT_CONVERSION = YES;
				GCC_WARN_ABOUT_RETURN_TYPE = YES_ERROR;
				GCC_WARN_UNDECLARED_SELECTOR = YES;
				GCC_WARN_UNINITIALIZED_AUTOS = YES_AGGRESSIVE;
				GCC_WARN_UNUSED_FUNCTION = YES;
				GCC_WARN_UNUSED_VARIABLE = YES;
				INFOPLIST_KEY_NSNetworkVolumesUsageDescription = "";
				INFOPLIST_KEY_UIApplicationSceneManifest_Generation = NO;
				INFOPLIST_KEY_WKExtensionDelegateClassName = "";
				IPHONEOS_DEPLOYMENT_TARGET = 17.5;
				LOCALIZATION_PREFERS_STRING_CATALOGS = YES;
				MTL_ENABLE_DEBUG_INFO = INCLUDE_SOURCE;
				MTL_FAST_MATH = YES;
				NEW_SETTING = "";
				ONLY_ACTIVE_ARCH = YES;
				SDKROOT = iphoneos;
				SWIFT_ACTIVE_COMPILATION_CONDITIONS = "DEBUG $(inherited)";
				SWIFT_OPTIMIZATION_LEVEL = "-Onone";
			};
			name = Debug;
		};
		06E284272C2C6B8E002A1986 /* Release */ = {
			isa = XCBuildConfiguration;
			buildSettings = {
				ALWAYS_SEARCH_USER_PATHS = NO;
				ASSETCATALOG_COMPILER_GENERATE_SWIFT_ASSET_SYMBOL_EXTENSIONS = YES;
				CLANG_ANALYZER_NONNULL = YES;
				CLANG_ANALYZER_NUMBER_OBJECT_CONVERSION = YES_AGGRESSIVE;
				CLANG_CXX_LANGUAGE_STANDARD = "gnu++20";
				CLANG_ENABLE_MODULES = YES;
				CLANG_ENABLE_OBJC_ARC = YES;
				CLANG_ENABLE_OBJC_WEAK = YES;
				CLANG_WARN_BLOCK_CAPTURE_AUTORELEASING = YES;
				CLANG_WARN_BOOL_CONVERSION = YES;
				CLANG_WARN_COMMA = YES;
				CLANG_WARN_CONSTANT_CONVERSION = YES;
				CLANG_WARN_DEPRECATED_OBJC_IMPLEMENTATIONS = YES;
				CLANG_WARN_DIRECT_OBJC_ISA_USAGE = YES_ERROR;
				CLANG_WARN_DOCUMENTATION_COMMENTS = YES;
				CLANG_WARN_EMPTY_BODY = YES;
				CLANG_WARN_ENUM_CONVERSION = YES;
				CLANG_WARN_INFINITE_RECURSION = YES;
				CLANG_WARN_INT_CONVERSION = YES;
				CLANG_WARN_NON_LITERAL_NULL_CONVERSION = YES;
				CLANG_WARN_OBJC_IMPLICIT_RETAIN_SELF = YES;
				CLANG_WARN_OBJC_LITERAL_CONVERSION = YES;
				CLANG_WARN_OBJC_ROOT_CLASS = YES_ERROR;
				CLANG_WARN_QUOTED_INCLUDE_IN_FRAMEWORK_HEADER = YES;
				CLANG_WARN_RANGE_LOOP_ANALYSIS = YES;
				CLANG_WARN_STRICT_PROTOTYPES = YES;
				CLANG_WARN_SUSPICIOUS_MOVE = YES;
				CLANG_WARN_UNGUARDED_AVAILABILITY = YES_AGGRESSIVE;
				CLANG_WARN_UNREACHABLE_CODE = YES;
				CLANG_WARN__DUPLICATE_METHOD_MATCH = YES;
				COPY_PHASE_STRIP = NO;
				DEBUG_INFORMATION_FORMAT = "dwarf-with-dsym";
				ENABLE_NS_ASSERTIONS = NO;
				ENABLE_STRICT_OBJC_MSGSEND = YES;
				ENABLE_USER_SCRIPT_SANDBOXING = YES;
				GCC_C_LANGUAGE_STANDARD = gnu17;
				GCC_NO_COMMON_BLOCKS = YES;
				GCC_WARN_64_TO_32_BIT_CONVERSION = YES;
				GCC_WARN_ABOUT_RETURN_TYPE = YES_ERROR;
				GCC_WARN_UNDECLARED_SELECTOR = YES;
				GCC_WARN_UNINITIALIZED_AUTOS = YES_AGGRESSIVE;
				GCC_WARN_UNUSED_FUNCTION = YES;
				GCC_WARN_UNUSED_VARIABLE = YES;
				INFOPLIST_KEY_NSNetworkVolumesUsageDescription = "";
				INFOPLIST_KEY_UIApplicationSceneManifest_Generation = NO;
				INFOPLIST_KEY_WKExtensionDelegateClassName = "";
				IPHONEOS_DEPLOYMENT_TARGET = 17.5;
				LOCALIZATION_PREFERS_STRING_CATALOGS = YES;
				MTL_ENABLE_DEBUG_INFO = NO;
				MTL_FAST_MATH = YES;
				NEW_SETTING = "";
				SDKROOT = iphoneos;
				SWIFT_COMPILATION_MODE = wholemodule;
				VALIDATE_PRODUCT = YES;
			};
			name = Release;
		};
		06E284292C2C6B8E002A1986 /* Debug */ = {
			isa = XCBuildConfiguration;
			buildSettings = {
				ASSETCATALOG_COMPILER_APPICON_NAME = AppIcon;
				ASSETCATALOG_COMPILER_GLOBAL_ACCENT_COLOR_NAME = AccentColor;
				CODE_SIGN_ENTITLEMENTS = "youarehere-ios/youarehere-ios.entitlements";
				CODE_SIGN_IDENTITY = "Apple Development";
				CODE_SIGN_STYLE = Automatic;
				CURRENT_PROJECT_VERSION = 1;
				DEVELOPMENT_ASSET_PATHS = "\"youarehere-ios/Preview Content\"";
				DEVELOPMENT_TEAM = 3UVAFC82ET;
				ENABLE_PREVIEWS = YES;
				GENERATE_INFOPLIST_FILE = YES;
				INFOPLIST_FILE = "youarehere-ios/Info.plist";
				INFOPLIST_KEY_UIApplicationSupportsIndirectInputEvents = YES;
				INFOPLIST_KEY_UILaunchScreen_Generation = YES;
				INFOPLIST_KEY_UISupportedInterfaceOrientations_iPad = "UIInterfaceOrientationPortrait UIInterfaceOrientationPortraitUpsideDown UIInterfaceOrientationLandscapeLeft UIInterfaceOrientationLandscapeRight";
				INFOPLIST_KEY_UISupportedInterfaceOrientations_iPhone = "UIInterfaceOrientationPortrait UIInterfaceOrientationLandscapeLeft UIInterfaceOrientationLandscapeRight";
				LD_RUNPATH_SEARCH_PATHS = (
					"$(inherited)",
					"@executable_path/Frameworks",
				);
				MARKETING_VERSION = 1.0;
				PRODUCT_BUNDLE_IDENTIFIER = com.youarehere;
				PRODUCT_NAME = "$(TARGET_NAME)";
				PROVISIONING_PROFILE_SPECIFIER = "";
				SWIFT_EMIT_LOC_STRINGS = YES;
				SWIFT_VERSION = 5.0;
				TARGETED_DEVICE_FAMILY = "1,2";
			};
			name = Debug;
		};
		06E2842A2C2C6B8E002A1986 /* Release */ = {
			isa = XCBuildConfiguration;
			buildSettings = {
				ASSETCATALOG_COMPILER_APPICON_NAME = AppIcon;
				ASSETCATALOG_COMPILER_GLOBAL_ACCENT_COLOR_NAME = AccentColor;
				CODE_SIGN_ENTITLEMENTS = "youarehere-ios/youarehere-ios.entitlements";
				CODE_SIGN_IDENTITY = "Apple Development";
				CODE_SIGN_STYLE = Automatic;
				CURRENT_PROJECT_VERSION = 1;
				DEVELOPMENT_ASSET_PATHS = "\"youarehere-ios/Preview Content\"";
				DEVELOPMENT_TEAM = 3UVAFC82ET;
				ENABLE_PREVIEWS = YES;
				GENERATE_INFOPLIST_FILE = YES;
				INFOPLIST_FILE = "youarehere-ios/Info.plist";
				INFOPLIST_KEY_UIApplicationSupportsIndirectInputEvents = YES;
				INFOPLIST_KEY_UILaunchScreen_Generation = YES;
				INFOPLIST_KEY_UISupportedInterfaceOrientations_iPad = "UIInterfaceOrientationPortrait UIInterfaceOrientationPortraitUpsideDown UIInterfaceOrientationLandscapeLeft UIInterfaceOrientationLandscapeRight";
				INFOPLIST_KEY_UISupportedInterfaceOrientations_iPhone = "UIInterfaceOrientationPortrait UIInterfaceOrientationLandscapeLeft UIInterfaceOrientationLandscapeRight";
				LD_RUNPATH_SEARCH_PATHS = (
					"$(inherited)",
					"@executable_path/Frameworks",
				);
				MARKETING_VERSION = 1.0;
				PRODUCT_BUNDLE_IDENTIFIER = com.youarehere;
				PRODUCT_NAME = "$(TARGET_NAME)";
				PROVISIONING_PROFILE_SPECIFIER = "";
				SWIFT_EMIT_LOC_STRINGS = YES;
				SWIFT_VERSION = 5.0;
				TARGETED_DEVICE_FAMILY = "1,2";
			};
			name = Release;
		};
/* End XCBuildConfiguration section */

/* Begin XCConfigurationList section */
		06E284152C2C6B8D002A1986 /* Build configuration list for PBXProject "youarehere-ios" */ = {
			isa = XCConfigurationList;
			buildConfigurations = (
				06E284262C2C6B8E002A1986 /* Debug */,
				06E284272C2C6B8E002A1986 /* Release */,
			);
			defaultConfigurationIsVisible = 0;
			defaultConfigurationName = Release;
		};
		06E284282C2C6B8E002A1986 /* Build configuration list for PBXNativeTarget "youarehere-ios" */ = {
			isa = XCConfigurationList;
			buildConfigurations = (
				06E284292C2C6B8E002A1986 /* Debug */,
				06E2842A2C2C6B8E002A1986 /* Release */,
			);
			defaultConfigurationIsVisible = 0;
			defaultConfigurationName = Release;
		};
/* End XCConfigurationList section */
	};
	rootObject = 06E284122C2C6B8D002A1986 /* Project object */;
}
